
Microsoft Visual Studio Solution File, Format Version 12.00
# Visual Studio 15
VisualStudioVersion = 15.0.27130.2010
MinimumVisualStudioVersion = 10.0.40219.1
Project("{FAE04EC0-301F-11D3-BF4B-00C04F79EFBC}") = "ProductsBuilder", "ProductsBuilder\ProductsBuilder.csproj", "{CF3EB108-E4CD-46BC-86CD-C6EFA7C4643A}"
EndProject
Global
	GlobalSection(SolutionConfigurationPlatforms) = preSolution
		Debug|Any CPU = Debug|Any CPU
		Release|Any CPU = Release|Any CPU
	EndGlobalSection
	GlobalSection(ProjectConfigurationPlatforms) = postSolution
		{CF3EB108-E4CD-46BC-86CD-C6EFA7C4643A}.Debug|Any CPU.ActiveCfg = Debug|Any CPU
		{CF3EB108-E4CD-46BC-86CD-C6EFA7C4643A}.Debug|Any CPU.Build.0 = Debug|Any CPU
		{CF3EB108-E4CD-46BC-86CD-C6EFA7C4643A}.Debug|Any CPU.Deploy.0 = Debug|Any CPU
		{CF3EB108-E4CD-46BC-86CD-C6EFA7C4643A}.Release|Any CPU.ActiveCfg = Release|Any CPU
		{CF3EB108-E4CD-46BC-86CD-C6EFA7C4643A}.Release|Any CPU.Build.0 = Release|Any CPU
		{CF3EB108-E4CD-46BC-86CD-C6EFA7C4643A}.Release|Any CPU.Deploy.0 = Release|Any CPU
	EndGlobalSection
	GlobalSection(SolutionProperties) = preSolution
		HideSolutionNode = FALSE
	EndGlobalSection
	GlobalSection(ExtensibilityGlobals) = postSolution
		SolutionGuid = {185794FF-0CB8-44DB-A9D5-485979FB4F7D}
	EndGlobalSection
EndGlobal
